
Microsoft Visual Studio Solution File, Format Version 12.00
# Visual Studio Version 17
VisualStudioVersion = 17.6.33815.320
MinimumVisualStudioVersion = 10.0.40219.1
Project("{2150E333-8FDC-42A3-9474-1A3956D46DE8}") = "Core", "Core", "{BB3A2916-8BF1-4833-A5AF-4B726BF71388}"
EndProject
Project("{2150E333-8FDC-42A3-9474-1A3956D46DE8}") = "Infrastructure", "Infrastructure", "{BB69639B-252A-40A0-9FF3-3E195BF68C09}"
EndProject
Project("{2150E333-8FDC-42A3-9474-1A3956D46DE8}") = "Presentation", "Presentation", "{ABB454DA-A35A-4C65-866D-743820F4F6AE}"
EndProject
Project("{FAE04EC0-301F-11D3-BF4B-00C04F79EFBC}") = "Pizzeria.Domain", "Pizzeria.Domain\Pizzeria.Domain.csproj", "{D7D4C8A7-6D7E-47A3-A159-0DB60D070C91}"
EndProject
Project("{FAE04EC0-301F-11D3-BF4B-00C04F79EFBC}") = "Pizzeria.Application", "Pizzeria.Application\Pizzeria.Application.csproj", "{CB7BD2A7-877F-4424-8C3A-ABE367AB2FCB}"
EndProject
Project("{FAE04EC0-301F-11D3-BF4B-00C04F79EFBC}") = "Pizzeria.Infrastructure", "Pizzeria.Infrastructure\Pizzeria.Infrastructure.csproj", "{99CEBB79-9D93-4179-B511-0B51FA00A67D}"
EndProject
Project("{FAE04EC0-301F-11D3-BF4B-00C04F79EFBC}") = "Pizzeria_WebAPI", "Pizzeria_WebAPI\Pizzeria_WebAPI.csproj", "{71A792F4-276C-4BF0-B07F-8957D4FFC70A}"
EndProject
Global
	GlobalSection(SolutionConfigurationPlatforms) = preSolution
		Debug|Any CPU = Debug|Any CPU
		Release|Any CPU = Release|Any CPU
	EndGlobalSection
	GlobalSection(ProjectConfigurationPlatforms) = postSolution
		{D7D4C8A7-6D7E-47A3-A159-0DB60D070C91}.Debug|Any CPU.ActiveCfg = Debug|Any CPU
		{D7D4C8A7-6D7E-47A3-A159-0DB60D070C91}.Debug|Any CPU.Build.0 = Debug|Any CPU
		{D7D4C8A7-6D7E-47A3-A159-0DB60D070C91}.Release|Any CPU.ActiveCfg = Release|Any CPU
		{D7D4C8A7-6D7E-47A3-A159-0DB60D070C91}.Release|Any CPU.Build.0 = Release|Any CPU
		{CB7BD2A7-877F-4424-8C3A-ABE367AB2FCB}.Debug|Any CPU.ActiveCfg = Debug|Any CPU
		{CB7BD2A7-877F-4424-8C3A-ABE367AB2FCB}.Debug|Any CPU.Build.0 = Debug|Any CPU
		{CB7BD2A7-877F-4424-8C3A-ABE367AB2FCB}.Release|Any CPU.ActiveCfg = Release|Any CPU
		{CB7BD2A7-877F-4424-8C3A-ABE367AB2FCB}.Release|Any CPU.Build.0 = Release|Any CPU
		{99CEBB79-9D93-4179-B511-0B51FA00A67D}.Debug|Any CPU.ActiveCfg = Debug|Any CPU
		{99CEBB79-9D93-4179-B511-0B51FA00A67D}.Debug|Any CPU.Build.0 = Debug|Any CPU
		{99CEBB79-9D93-4179-B511-0B51FA00A67D}.Release|Any CPU.ActiveCfg = Release|Any CPU
		{99CEBB79-9D93-4179-B511-0B51FA00A67D}.Release|Any CPU.Build.0 = Release|Any CPU
		{71A792F4-276C-4BF0-B07F-8957D4FFC70A}.Debug|Any CPU.ActiveCfg = Debug|Any CPU
		{71A792F4-276C-4BF0-B07F-8957D4FFC70A}.Debug|Any CPU.Build.0 = Debug|Any CPU
		{71A792F4-276C-4BF0-B07F-8957D4FFC70A}.Release|Any CPU.ActiveCfg = Release|Any CPU
		{71A792F4-276C-4BF0-B07F-8957D4FFC70A}.Release|Any CPU.Build.0 = Release|Any CPU
	EndGlobalSection
	GlobalSection(SolutionProperties) = preSolution
		HideSolutionNode = FALSE
	EndGlobalSection
	GlobalSection(NestedProjects) = preSolution
		{D7D4C8A7-6D7E-47A3-A159-0DB60D070C91} = {BB3A2916-8BF1-4833-A5AF-4B726BF71388}
		{CB7BD2A7-877F-4424-8C3A-ABE367AB2FCB} = {BB3A2916-8BF1-4833-A5AF-4B726BF71388}
		{99CEBB79-9D93-4179-B511-0B51FA00A67D} = {BB69639B-252A-40A0-9FF3-3E195BF68C09}
		{71A792F4-276C-4BF0-B07F-8957D4FFC70A} = {ABB454DA-A35A-4C65-866D-743820F4F6AE}
	EndGlobalSection
	GlobalSection(ExtensibilityGlobals) = postSolution
		SolutionGuid = {75A69B72-4368-4B43-9BD8-1FA8252B8F85}
	EndGlobalSection
EndGlobal
